
Microsoft Visual Studio Solution File, Format Version 12.00
# Visual Studio Version 17
VisualStudioVersion = 17.0.31919.166
MinimumVisualStudioVersion = 10.0.40219.1
Project("{9A19103F-16F7-4668-BE54-9A1E7A4F7556}") = "LZ.Compressions.Core", "LZ.Compressions.Core\LZ.Compressions.Core.csproj", "{CF5C57FE-FBBF-4290-A213-1B7B435F157E}"
EndProject
Project("{9A19103F-16F7-4668-BE54-9A1E7A4F7556}") = "LZ.Compressions.UI", "LZ.Compressions.UI\LZ.Compressions.UI.csproj", "{94A25E25-FCF2-43A6-A495-37DBBF909783}"
EndProject
Global
	GlobalSection(SolutionConfigurationPlatforms) = preSolution
		Debug|Any CPU = Debug|Any CPU
		Release|Any CPU = Release|Any CPU
	EndGlobalSection
	GlobalSection(ProjectConfigurationPlatforms) = postSolution
		{CF5C57FE-FBBF-4290-A213-1B7B435F157E}.Debug|Any CPU.ActiveCfg = Debug|Any CPU
		{CF5C57FE-FBBF-4290-A213-1B7B435F157E}.Debug|Any CPU.Build.0 = Debug|Any CPU
		{CF5C57FE-FBBF-4290-A213-1B7B435F157E}.Release|Any CPU.ActiveCfg = Release|Any CPU
		{CF5C57FE-FBBF-4290-A213-1B7B435F157E}.Release|Any CPU.Build.0 = Release|Any CPU
		{94A25E25-FCF2-43A6-A495-37DBBF909783}.Debug|Any CPU.ActiveCfg = Debug|Any CPU
		{94A25E25-FCF2-43A6-A495-37DBBF909783}.Debug|Any CPU.Build.0 = Debug|Any CPU
		{94A25E25-FCF2-43A6-A495-37DBBF909783}.Release|Any CPU.ActiveCfg = Release|Any CPU
		{94A25E25-FCF2-43A6-A495-37DBBF909783}.Release|Any CPU.Build.0 = Release|Any CPU
	EndGlobalSection
	GlobalSection(SolutionProperties) = preSolution
		HideSolutionNode = FALSE
	EndGlobalSection
	GlobalSection(ExtensibilityGlobals) = postSolution
		SolutionGuid = {A448E481-E1AA-42B0-B052-B676FBD8EEF1}
	EndGlobalSection
EndGlobal
